
Microsoft Visual Studio Solution File, Format Version 12.00
Project("{FAE04EC0-301F-11D3-BF4B-00C04F79EFBC}") = "Ecommerce.ProductCatalog", "Ecommerce.ProductCatalog\Ecommerce.ProductCatalog.csproj", "{C0F40150-1C65-47AF-94BC-1EB1A66E6F3D}"
EndProject
Project("{FAE04EC0-301F-11D3-BF4B-00C04F79EFBC}") = "Ecommerce.ProductCatalog.UnitTests", "Ecommerce.ProductCatalog.UnitTests\Ecommerce.ProductCatalog.UnitTests.csproj", "{F6269502-E9E9-47B0-BAA3-998949DE41A8}"
EndProject
Global
	GlobalSection(SolutionConfigurationPlatforms) = preSolution
		Debug|Any CPU = Debug|Any CPU
		Release|Any CPU = Release|Any CPU
	EndGlobalSection
	GlobalSection(ProjectConfigurationPlatforms) = postSolution
		{C0F40150-1C65-47AF-94BC-1EB1A66E6F3D}.Debug|Any CPU.ActiveCfg = Debug|Any CPU
		{C0F40150-1C65-47AF-94BC-1EB1A66E6F3D}.Debug|Any CPU.Build.0 = Debug|Any CPU
		{C0F40150-1C65-47AF-94BC-1EB1A66E6F3D}.Release|Any CPU.ActiveCfg = Release|Any CPU
		{C0F40150-1C65-47AF-94BC-1EB1A66E6F3D}.Release|Any CPU.Build.0 = Release|Any CPU
		{F6269502-E9E9-47B0-BAA3-998949DE41A8}.Debug|Any CPU.ActiveCfg = Debug|Any CPU
		{F6269502-E9E9-47B0-BAA3-998949DE41A8}.Debug|Any CPU.Build.0 = Debug|Any CPU
		{F6269502-E9E9-47B0-BAA3-998949DE41A8}.Release|Any CPU.ActiveCfg = Release|Any CPU
		{F6269502-E9E9-47B0-BAA3-998949DE41A8}.Release|Any CPU.Build.0 = Release|Any CPU
	EndGlobalSection
EndGlobal
